
Microsoft Visual Studio Solution File, Format Version 12.00
# Visual Studio Version 17
VisualStudioVersion = 17.8.34525.116
MinimumVisualStudioVersion = 10.0.40219.1
Project("{FAE04EC0-301F-11D3-BF4B-00C04F79EFBC}") = "TestProject1", "TestProject1\TestProject1.csproj", "{2FB47BED-8618-4DC8-AC7D-545DDB32A6B8}"
EndProject
Project("{FAE04EC0-301F-11D3-BF4B-00C04F79EFBC}") = "TestProject2", "TestProject2\TestProject2.csproj", "{FF748657-98DF-4F6C-870E-6C6F54463DAA}"
EndProject
Project("{FAE04EC0-301F-11D3-BF4B-00C04F79EFBC}") = "TestProject3", "TestProject3\TestProject3.csproj", "{B4BC66CF-A32B-48CC-9689-26ABB5ACAA80}"
EndProject
Global
	GlobalSection(SolutionConfigurationPlatforms) = preSolution
		Debug|Any CPU = Debug|Any CPU
		Release|Any CPU = Release|Any CPU
	EndGlobalSection
	GlobalSection(ProjectConfigurationPlatforms) = postSolution
		{2FB47BED-8618-4DC8-AC7D-545DDB32A6B8}.Debug|Any CPU.ActiveCfg = Debug|Any CPU
		{2FB47BED-8618-4DC8-AC7D-545DDB32A6B8}.Debug|Any CPU.Build.0 = Debug|Any CPU
		{2FB47BED-8618-4DC8-AC7D-545DDB32A6B8}.Release|Any CPU.ActiveCfg = Release|Any CPU
		{2FB47BED-8618-4DC8-AC7D-545DDB32A6B8}.Release|Any CPU.Build.0 = Release|Any CPU
		{FF748657-98DF-4F6C-870E-6C6F54463DAA}.Debug|Any CPU.ActiveCfg = Debug|Any CPU
		{FF748657-98DF-4F6C-870E-6C6F54463DAA}.Debug|Any CPU.Build.0 = Debug|Any CPU
		{FF748657-98DF-4F6C-870E-6C6F54463DAA}.Release|Any CPU.ActiveCfg = Release|Any CPU
		{FF748657-98DF-4F6C-870E-6C6F54463DAA}.Release|Any CPU.Build.0 = Release|Any CPU
		{B4BC66CF-A32B-48CC-9689-26ABB5ACAA80}.Debug|Any CPU.ActiveCfg = Release|Any CPU
		{B4BC66CF-A32B-48CC-9689-26ABB5ACAA80}.Debug|Any CPU.Build.0 = Release|Any CPU
		{B4BC66CF-A32B-48CC-9689-26ABB5ACAA80}.Release|Any CPU.ActiveCfg = Release|Any CPU
		{B4BC66CF-A32B-48CC-9689-26ABB5ACAA80}.Release|Any CPU.Build.0 = Release|Any CPU
	EndGlobalSection
	GlobalSection(SolutionProperties) = preSolution
		HideSolutionNode = FALSE
	EndGlobalSection
	GlobalSection(ExtensibilityGlobals) = postSolution
		SolutionGuid = {55731B39-B706-432A-A8BD-734C2E17DDBA}
	EndGlobalSection
EndGlobal
